<?xml version="1.0" encoding="utf-8"?>
<Project ToolsVersion="4.0" xmlns="http://schemas.microsoft.com/developer/msbuild/2003">
  <ItemGroup>
    <Filter Include="Source Files">
      <UniqueIdentifier>{4FC737F1-C7A5-4376-A066-2A32D752A2FF}</UniqueIdentifier>
      <Extensions>cpp;c;cc;cxx;def;odl;idl;hpj;bat;asm;asmx</Extensions>
    </Filter>
    <Filter Include="Header Files">
      <UniqueIdentifier>{93995380-89BD-4b04-88EB-625FBE52EBFB}</UniqueIdentifier>
      <Extensions>h;hh;hpp;hxx;hm;inl;inc;xsd</Extensions>
    </Filter>
    <Filter Include="Resource Files">
      <UniqueIdentifier>{67DA6AB6-F800-4c08-8B7A-83BB121AAD01}</UniqueIdentifier>
      <Extensions>rc;ico;cur;bmp;dlg;rc2;rct;bin;rgs;gif;jpg;jpeg;jpe;resx;tiff;tif;png;wav;mfcribbon-ms</Extensions>
    </Filter>
    <Filter Include="Header Files\engine">
      <UniqueIdentifier>e9b26599-7af1-4506-b383-3b4cf0ba7ff4</UniqueIdentifier>
    </Filter>
    <Filter Include="Source Files\engine">
      <UniqueIdentifier>558d06d2-2781-4547-8f8f-346aa62393c0</UniqueIdentifier>
    </Filter>
    <Filter Include="Header Files\fheroes2">
      <UniqueIdentifier>4577f758-ed4d-478f-87be-4874bca4f745</UniqueIdentifier>
    </Filter>
    <Filter Include="Source Files\fheroes2">
      <UniqueIdentifier>3f8386bc-d45f-4b6b-9065-bd6015e65cfc</UniqueIdentifier>
    </Filter>
    <Filter Include="Header Files\fheroes2\agg">
      <UniqueIdentifier>4098b538-118d-4b95-9720-5a26d3da281a</UniqueIdentifier>
    </Filter>
    <Filter Include="Source Files\fheroes2\agg">
      <UniqueIdentifier>46ea7f06-b24c-486e-99bf-e1145ad06fa4</UniqueIdentifier>
    </Filter>
    <Filter Include="Header Files\fheroes2\ai">
      <UniqueIdentifier>5a50f221-81a6-4461-a6ac-743b0306fe59</UniqueIdentifier>
    </Filter>
    <Filter Include="Source Files\fheroes2\ai">
      <UniqueIdentifier>d7c81409-409d-4416-bcb0-85409b83df75</UniqueIdentifier>
    </Filter>
    <Filter Include="Header Files\fheroes2\ai\simple">
      <UniqueIdentifier>1a41e77b-2d6a-44d9-893f-25ccfb314e7c</UniqueIdentifier>
    </Filter>
    <Filter Include="Source Files\fheroes2\ai\simple">
      <UniqueIdentifier>2d877306-f391-4da3-8365-76cc65c510e3</UniqueIdentifier>
    </Filter>
    <Filter Include="Header Files\fheroes2\army">
      <UniqueIdentifier>a3459aa4-ce43-4ec5-9757-b785fef3e756</UniqueIdentifier>
    </Filter>
    <Filter Include="Source Files\fheroes2\army">
      <UniqueIdentifier>aed83903-a337-46ec-93dd-02583cae3536</UniqueIdentifier>
    </Filter>
    <Filter Include="Header Files\fheroes2\battle">
      <UniqueIdentifier>48948e47-2c70-4a80-bf7b-fc39d036f15c</UniqueIdentifier>
    </Filter>
    <Filter Include="Source Files\fheroes2\battle">
      <UniqueIdentifier>9569b3ad-f0ca-442c-ae8e-18cbe8224891</UniqueIdentifier>
    </Filter>
    <Filter Include="Header Files\fheroes2\castle">
      <UniqueIdentifier>8c49a5d5-9ab5-404b-aeb6-3ec8b51dee10</UniqueIdentifier>
    </Filter>
    <Filter Include="Source Files\fheroes2\castle">
      <UniqueIdentifier>396a4de0-66ca-41d8-bd8f-e2153e8aa6a2</UniqueIdentifier>
    </Filter>
    <Filter Include="Header Files\fheroes2\dialog">
      <UniqueIdentifier>ce7efc2d-f347-4f07-8cd1-e7833b1836ef</UniqueIdentifier>
    </Filter>
    <Filter Include="Source Files\fheroes2\dialog">
      <UniqueIdentifier>42be8cbc-b169-4147-98a9-042d5d095e12</UniqueIdentifier>
    </Filter>
    <Filter Include="Header Files\fheroes2\game">
      <UniqueIdentifier>126bff89-89bb-44e9-82fd-1e18ac98be86</UniqueIdentifier>
    </Filter>
    <Filter Include="Source Files\fheroes2\game">
      <UniqueIdentifier>30849b2f-e914-45ce-ae86-65a6be24980f</UniqueIdentifier>
    </Filter>
    <Filter Include="Header Files\fheroes2\gui">
      <UniqueIdentifier>e84c4e9d-0922-49c0-82aa-4f74e22c0fda</UniqueIdentifier>
    </Filter>
    <Filter Include="Source Files\fheroes2\gui">
      <UniqueIdentifier>bf032749-fae8-48a9-a414-fdaa9f730057</UniqueIdentifier>
    </Filter>
    <Filter Include="Header Files\fheroes2\heroes">
      <UniqueIdentifier>59e2edcf-b2d1-4c41-bdc7-fe70ef4ab762</UniqueIdentifier>
    </Filter>
    <Filter Include="Source Files\fheroes2\heroes">
      <UniqueIdentifier>969f7eb4-e577-4d64-a7b2-0b445b73cf41</UniqueIdentifier>
    </Filter>
    <Filter Include="Header Files\fheroes2\image">
      <UniqueIdentifier>62bb32b5-ad53-4414-97a5-8ab28d6ab5d2</UniqueIdentifier>
    </Filter>
    <Filter Include="Source Files\fheroes2\image">
      <UniqueIdentifier>f36d3bcb-35d2-4cd0-a1c7-85eeba05a171</UniqueIdentifier>
    </Filter>
    <Filter Include="Header Files\fheroes2\kingdom">
      <UniqueIdentifier>fb46f5ad-1d7b-4767-87d3-751d94beb2be</UniqueIdentifier>
    </Filter>
    <Filter Include="Source Files\fheroes2\kingdom">
      <UniqueIdentifier>a7e2ed4c-dc45-41a1-a998-e0043c66681b</UniqueIdentifier>
    </Filter>
    <Filter Include="Header Files\fheroes2\maps">
      <UniqueIdentifier>b4de1d43-aa0e-4eb6-b69d-ae6ba7cdfd22</UniqueIdentifier>
    </Filter>
    <Filter Include="Source Files\fheroes2\maps">
      <UniqueIdentifier>a68ba801-df31-4836-adec-051c9cec613e</UniqueIdentifier>
    </Filter>
    <Filter Include="Header Files\fheroes2\monster">
      <UniqueIdentifier>be3a5467-6408-465d-994d-7d84eeeed182</UniqueIdentifier>
    </Filter>
    <Filter Include="Source Files\fheroes2\monster">
      <UniqueIdentifier>487ca23a-a2c2-4d0f-a61f-ce921aebb81a</UniqueIdentifier>
    </Filter>
    <Filter Include="Header Files\fheroes2\objects">
      <UniqueIdentifier>450b24d9-0ffd-45e6-af8b-440c784776d4</UniqueIdentifier>
    </Filter>
    <Filter Include="Source Files\fheroes2\objects">
      <UniqueIdentifier>e6423da4-a27a-47e4-bf67-667c626e97d2</UniqueIdentifier>
    </Filter>
    <Filter Include="Header Files\fheroes2\pocketpc">
      <UniqueIdentifier>44d73e4c-dde9-4748-bfa6-3a4e4bf13634</UniqueIdentifier>
    </Filter>
    <Filter Include="Source Files\fheroes2\pocketpc">
      <UniqueIdentifier>addac3ba-e877-4fc3-a60a-08ccfd11f0d5</UniqueIdentifier>
    </Filter>
    <Filter Include="Header Files\fheroes2\resource">
      <UniqueIdentifier>b7596713-41d7-48fb-a3d8-91e7763e0768</UniqueIdentifier>
    </Filter>
    <Filter Include="Source Files\fheroes2\resource">
      <UniqueIdentifier>072b8281-000c-4800-8e60-b667eded7b47</UniqueIdentifier>
    </Filter>
    <Filter Include="Header Files\fheroes2\spell">
      <UniqueIdentifier>9ce235a0-da99-4d88-911c-3b29420d15b8</UniqueIdentifier>
    </Filter>
    <Filter Include="Source Files\fheroes2\spell">
      <UniqueIdentifier>9f49d440-ac80-4062-8b82-ad9dc920c2d7</UniqueIdentifier>
    </Filter>
    <Filter Include="Header Files\fheroes2\system">
      <UniqueIdentifier>1be2242b-712a-4f53-a049-b6ca635496c1</UniqueIdentifier>
    </Filter>
    <Filter Include="Source Files\fheroes2\system">
      <UniqueIdentifier>1aa10aba-7c17-45be-ba67-853b9bb442aa</UniqueIdentifier>
    </Filter>
    <Filter Include="Header Files\fheroes2\test">
      <UniqueIdentifier>ba389f12-d3ec-4860-9cac-0a3821a3b2fc</UniqueIdentifier>
    </Filter>
    <Filter Include="Header Files\tools">
      <UniqueIdentifier>31cd2fad-297b-48f9-8ffc-bcf933f85bbc</UniqueIdentifier>
    </Filter>
    <Filter Include="Source Files\tools">
      <UniqueIdentifier>7b9e9f61-32f1-4f93-82e8-e7d85b7ed3f8</UniqueIdentifier>
    </Filter>
    <Filter Include="Header Files\xmlccwrap">
      <UniqueIdentifier>32580fae-5454-48c2-844e-c0073c1f40ba</UniqueIdentifier>
    </Filter>
    <Filter Include="Source Files\xmlccwrap">
      <UniqueIdentifier>674f94be-5f13-42ad-92a9-504077ca4704</UniqueIdentifier>
    </Filter>
    <Filter Include="Source Files\engine\serializer">
      <UniqueIdentifier>{1f1e46eb-c214-4860-9adb-75be94a5f23c}</UniqueIdentifier>
    </Filter>
    <Filter Include="Header Files\engine\serializer">
      <UniqueIdentifier>{f0dd8220-7913-4743-b6ec-c77340c13761}</UniqueIdentifier>
    </Filter>
  </ItemGroup>
  <ItemGroup>
    <ClInclude Include="..\..\src\engine\audio.h">
      <Filter>Header Files\engine</Filter>
    </ClInclude>
    <ClInclude Include="..\..\src\engine\audio_cdrom.h">
      <Filter>Header Files\engine</Filter>
    </ClInclude>
    <ClInclude Include="..\..\src\engine\audio_mixer.h">
      <Filter>Header Files\engine</Filter>
    </ClInclude>
    <ClInclude Include="..\..\src\engine\audio_music.h">
      <Filter>Header Files\engine</Filter>
    </ClInclude>
    <ClInclude Include="..\..\src\engine\dir.h">
      <Filter>Header Files\engine</Filter>
    </ClInclude>
    <ClInclude Include="..\..\src\engine\display.h">
      <Filter>Header Files\engine</Filter>
    </ClInclude>
    <ClInclude Include="..\..\src\engine\engine.h">
      <Filter>Header Files\engine</Filter>
    </ClInclude>
    <ClInclude Include="..\..\src\engine\error.h">
      <Filter>Header Files\engine</Filter>
    </ClInclude>
    <ClInclude Include="..\..\src\engine\font.h">
      <Filter>Header Files\engine</Filter>
    </ClInclude>
    <ClInclude Include="..\..\src\engine\IMG_savepng.h">
      <Filter>Header Files\engine</Filter>
    </ClInclude>
    <ClInclude Include="..\..\src\engine\localevent.h">
      <Filter>Header Files\engine</Filter>
    </ClInclude>
    <ClInclude Include="..\..\src\engine\rand.h">
      <Filter>Header Files\engine</Filter>
    </ClInclude>
    <ClInclude Include="..\..\src\engine\rect.h">
      <Filter>Header Files\engine</Filter>
    </ClInclude>
    <ClInclude Include="..\..\src\engine\sdlnet.h">
      <Filter>Header Files\engine</Filter>
    </ClInclude>
    <ClInclude Include="..\..\src\engine\serialize.h">
      <Filter>Header Files\engine</Filter>
    </ClInclude>
    <ClInclude Include="..\..\src\engine\sprites.h">
      <Filter>Header Files\engine</Filter>
    </ClInclude>
    <ClInclude Include="..\..\src\engine\surface.h">
      <Filter>Header Files\engine</Filter>
    </ClInclude>
    <ClInclude Include="..\..\src\engine\system.h">
      <Filter>Header Files\engine</Filter>
    </ClInclude>
    <ClInclude Include="..\..\src\engine\thread.h">
      <Filter>Header Files\engine</Filter>
    </ClInclude>
    <ClInclude Include="..\..\src\engine\tinyconfig.h">
      <Filter>Header Files\engine</Filter>
    </ClInclude>
    <ClInclude Include="..\..\src\engine\tools.h">
      <Filter>Header Files\engine</Filter>
    </ClInclude>
    <ClInclude Include="..\..\src\engine\translations.h">
      <Filter>Header Files\engine</Filter>
    </ClInclude>
    <ClInclude Include="..\..\src\engine\types.h">
      <Filter>Header Files\engine</Filter>
    </ClInclude>
    <ClInclude Include="..\..\src\engine\zzlib.h">
      <Filter>Header Files\engine</Filter>
    </ClInclude>
    <ClInclude Include="..\..\src\fheroes2\agg\agg.h">
      <Filter>Header Files\fheroes2\agg</Filter>
    </ClInclude>
    <ClInclude Include="..\..\src\fheroes2\agg\ColorTable.h">
      <Filter>Header Files\fheroes2\agg</Filter>
    </ClInclude>
    <ClInclude Include="..\..\src\fheroes2\agg\icn.h">
      <Filter>Header Files\fheroes2\agg</Filter>
    </ClInclude>
    <ClInclude Include="..\..\src\fheroes2\agg\m82.h">
      <Filter>Header Files\fheroes2\agg</Filter>
    </ClInclude>
    <ClInclude Include="..\..\src\fheroes2\agg\mus.h">
      <Filter>Header Files\fheroes2\agg</Filter>
    </ClInclude>
    <ClInclude Include="..\..\src\fheroes2\agg\sprite.h">
      <Filter>Header Files\fheroes2\agg</Filter>
    </ClInclude>
    <ClInclude Include="..\..\src\fheroes2\agg\til.h">
      <Filter>Header Files\fheroes2\agg</Filter>
    </ClInclude>
    <ClInclude Include="..\..\src\fheroes2\agg\xmi.h">
      <Filter>Header Files\fheroes2\agg</Filter>
    </ClInclude>
    <ClInclude Include="..\..\src\fheroes2\ai\ai.h">
      <Filter>Header Files\fheroes2\ai</Filter>
    </ClInclude>
    <ClInclude Include="..\..\src\fheroes2\ai\simple\ai_simple.h">
      <Filter>Header Files\fheroes2\ai\simple</Filter>
    </ClInclude>
    <ClInclude Include="..\..\src\fheroes2\army\army.h">
      <Filter>Header Files\fheroes2\army</Filter>
    </ClInclude>
    <ClInclude Include="..\..\src\fheroes2\army\army_bar.h">
      <Filter>Header Files\fheroes2\army</Filter>
    </ClInclude>
    <ClInclude Include="..\..\src\fheroes2\army\army_troop.h">
      <Filter>Header Files\fheroes2\army</Filter>
    </ClInclude>
    <ClInclude Include="..\..\src\fheroes2\battle\battle.h">
      <Filter>Header Files\fheroes2\battle</Filter>
    </ClInclude>
    <ClInclude Include="..\..\src\fheroes2\battle\battle_arena.h">
      <Filter>Header Files\fheroes2\battle</Filter>
    </ClInclude>
    <ClInclude Include="..\..\src\fheroes2\battle\battle_army.h">
      <Filter>Header Files\fheroes2\battle</Filter>
    </ClInclude>
    <ClInclude Include="..\..\src\fheroes2\battle\battle_board.h">
      <Filter>Header Files\fheroes2\battle</Filter>
    </ClInclude>
    <ClInclude Include="..\..\src\fheroes2\battle\battle_bridge.h">
      <Filter>Header Files\fheroes2\battle</Filter>
    </ClInclude>
    <ClInclude Include="..\..\src\fheroes2\battle\battle_catapult.h">
      <Filter>Header Files\fheroes2\battle</Filter>
    </ClInclude>
    <ClInclude Include="..\..\src\fheroes2\battle\battle_cell.h">
      <Filter>Header Files\fheroes2\battle</Filter>
    </ClInclude>
    <ClInclude Include="..\..\src\fheroes2\battle\battle_command.h">
      <Filter>Header Files\fheroes2\battle</Filter>
    </ClInclude>
    <ClInclude Include="..\..\src\fheroes2\battle\battle_grave.h">
      <Filter>Header Files\fheroes2\battle</Filter>
    </ClInclude>
    <ClInclude Include="..\..\src\fheroes2\battle\battle_interface.h">
      <Filter>Header Files\fheroes2\battle</Filter>
    </ClInclude>
    <ClInclude Include="..\..\src\fheroes2\battle\battle_only.h">
      <Filter>Header Files\fheroes2\battle</Filter>
    </ClInclude>
    <ClInclude Include="..\..\src\fheroes2\battle\battle_tower.h">
      <Filter>Header Files\fheroes2\battle</Filter>
    </ClInclude>
    <ClInclude Include="..\..\src\fheroes2\battle\battle_troop.h">
      <Filter>Header Files\fheroes2\battle</Filter>
    </ClInclude>
    <ClInclude Include="..\..\src\fheroes2\castle\buildinginfo.h">
      <Filter>Header Files\fheroes2\castle</Filter>
    </ClInclude>
    <ClInclude Include="..\..\src\fheroes2\castle\captain.h">
      <Filter>Header Files\fheroes2\castle</Filter>
    </ClInclude>
    <ClInclude Include="..\..\src\fheroes2\castle\castle.h">
      <Filter>Header Files\fheroes2\castle</Filter>
    </ClInclude>
    <ClInclude Include="..\..\src\fheroes2\castle\castle_heroes.h">
      <Filter>Header Files\fheroes2\castle</Filter>
    </ClInclude>
    <ClInclude Include="..\..\src\fheroes2\castle\mageguild.h">
      <Filter>Header Files\fheroes2\castle</Filter>
    </ClInclude>
    <ClInclude Include="..\..\src\fheroes2\castle\marketplace.h">
      <Filter>Header Files\fheroes2\castle</Filter>
    </ClInclude>
    <ClInclude Include="..\..\src\fheroes2\dialog\dialog.h">
      <Filter>Header Files\fheroes2\dialog</Filter>
    </ClInclude>
    <ClInclude Include="..\..\src\fheroes2\dialog\dialog_selectitems.h">
      <Filter>Header Files\fheroes2\dialog</Filter>
    </ClInclude>
    <ClInclude Include="..\..\src\fheroes2\dialog\dialog_selectscenario.h">
      <Filter>Header Files\fheroes2\dialog</Filter>
    </ClInclude>
    <ClInclude Include="..\..\src\fheroes2\dialog\FileUtils.h">
      <Filter>Header Files\fheroes2\dialog</Filter>
    </ClInclude>
    <ClInclude Include="..\..\src\fheroes2\game\difficulty.h">
      <Filter>Header Files\fheroes2\game</Filter>
    </ClInclude>
    <ClInclude Include="..\..\src\fheroes2\game\game.h">
      <Filter>Header Files\fheroes2\game</Filter>
    </ClInclude>
    <ClInclude Include="..\..\src\fheroes2\game\game_interface.h">
      <Filter>Header Files\fheroes2\game</Filter>
    </ClInclude>
    <ClInclude Include="..\..\src\fheroes2\game\game_io.h">
      <Filter>Header Files\fheroes2\game</Filter>
    </ClInclude>
    <ClInclude Include="..\..\src\fheroes2\game\game_over.h">
      <Filter>Header Files\fheroes2\game</Filter>
    </ClInclude>
    <ClInclude Include="..\..\src\fheroes2\game\game_static.h">
      <Filter>Header Files\fheroes2\game</Filter>
    </ClInclude>
    <ClInclude Include="..\..\src\fheroes2\gui\button.h">
      <Filter>Header Files\fheroes2\gui</Filter>
    </ClInclude>
    <ClInclude Include="..\..\src\fheroes2\gui\cursor.h">
      <Filter>Header Files\fheroes2\gui</Filter>
    </ClInclude>
    <ClInclude Include="..\..\src\fheroes2\gui\interface_border.h">
      <Filter>Header Files\fheroes2\gui</Filter>
    </ClInclude>
    <ClInclude Include="..\..\src\fheroes2\gui\interface_buttons.h">
      <Filter>Header Files\fheroes2\gui</Filter>
    </ClInclude>
    <ClInclude Include="..\..\src\fheroes2\gui\interface_cpanel.h">
      <Filter>Header Files\fheroes2\gui</Filter>
    </ClInclude>
    <ClInclude Include="..\..\src\fheroes2\gui\interface_gamearea.h">
      <Filter>Header Files\fheroes2\gui</Filter>
    </ClInclude>
    <ClInclude Include="..\..\src\fheroes2\gui\interface_icons.h">
      <Filter>Header Files\fheroes2\gui</Filter>
    </ClInclude>
    <ClInclude Include="..\..\src\fheroes2\gui\interface_itemsbar.h">
      <Filter>Header Files\fheroes2\gui</Filter>
    </ClInclude>
    <ClInclude Include="..\..\src\fheroes2\gui\interface_list.h">
      <Filter>Header Files\fheroes2\gui</Filter>
    </ClInclude>
    <ClInclude Include="..\..\src\fheroes2\gui\interface_radar.h">
      <Filter>Header Files\fheroes2\gui</Filter>
    </ClInclude>
    <ClInclude Include="..\..\src\fheroes2\gui\interface_status.h">
      <Filter>Header Files\fheroes2\gui</Filter>
    </ClInclude>
    <ClInclude Include="..\..\src\fheroes2\gui\splitter.h">
      <Filter>Header Files\fheroes2\gui</Filter>
    </ClInclude>
    <ClInclude Include="..\..\src\fheroes2\gui\statusbar.h">
      <Filter>Header Files\fheroes2\gui</Filter>
    </ClInclude>
    <ClInclude Include="..\..\src\fheroes2\gui\text.h">
      <Filter>Header Files\fheroes2\gui</Filter>
    </ClInclude>
    <ClInclude Include="..\..\src\fheroes2\heroes\direction.h">
      <Filter>Header Files\fheroes2\heroes</Filter>
    </ClInclude>
    <ClInclude Include="..\..\src\fheroes2\heroes\heroes.h">
      <Filter>Header Files\fheroes2\heroes</Filter>
    </ClInclude>
    <ClInclude Include="..\..\src\fheroes2\heroes\heroes_base.h">
      <Filter>Header Files\fheroes2\heroes</Filter>
    </ClInclude>
    <ClInclude Include="..\..\src\fheroes2\heroes\heroes_indicator.h">
      <Filter>Header Files\fheroes2\heroes</Filter>
    </ClInclude>
    <ClInclude Include="..\..\src\fheroes2\heroes\heroes_recruits.h">
      <Filter>Header Files\fheroes2\heroes</Filter>
    </ClInclude>
    <ClInclude Include="..\..\src\fheroes2\heroes\route.h">
      <Filter>Header Files\fheroes2\heroes</Filter>
    </ClInclude>
    <ClInclude Include="..\..\src\fheroes2\heroes\skill.h">
      <Filter>Header Files\fheroes2\heroes</Filter>
    </ClInclude>
    <ClInclude Include="..\..\src\fheroes2\heroes\skill_static.h">
      <Filter>Header Files\fheroes2\heroes</Filter>
    </ClInclude>
    <ClInclude Include="..\..\src\fheroes2\image\images_pack.h">
      <Filter>Header Files\fheroes2\image</Filter>
    </ClInclude>
    <ClInclude Include="..\..\src\fheroes2\kingdom\color.h">
      <Filter>Header Files\fheroes2\kingdom</Filter>
    </ClInclude>
    <ClInclude Include="..\..\src\fheroes2\kingdom\kingdom.h">
      <Filter>Header Files\fheroes2\kingdom</Filter>
    </ClInclude>
    <ClInclude Include="..\..\src\fheroes2\kingdom\luck.h">
      <Filter>Header Files\fheroes2\kingdom</Filter>
    </ClInclude>
    <ClInclude Include="..\..\src\fheroes2\kingdom\morale.h">
      <Filter>Header Files\fheroes2\kingdom</Filter>
    </ClInclude>
    <ClInclude Include="..\..\src\fheroes2\kingdom\payment.h">
      <Filter>Header Files\fheroes2\kingdom</Filter>
    </ClInclude>
    <ClInclude Include="..\..\src\fheroes2\kingdom\profit.h">
      <Filter>Header Files\fheroes2\kingdom</Filter>
    </ClInclude>
    <ClInclude Include="..\..\src\fheroes2\kingdom\puzzle.h">
      <Filter>Header Files\fheroes2\kingdom</Filter>
    </ClInclude>
    <ClInclude Include="..\..\src\fheroes2\kingdom\race.h">
      <Filter>Header Files\fheroes2\kingdom</Filter>
    </ClInclude>
    <ClInclude Include="..\..\src\fheroes2\kingdom\speed.h">
      <Filter>Header Files\fheroes2\kingdom</Filter>
    </ClInclude>
    <ClInclude Include="..\..\src\fheroes2\kingdom\week.h">
      <Filter>Header Files\fheroes2\kingdom</Filter>
    </ClInclude>
    <ClInclude Include="..\..\src\fheroes2\kingdom\world.h">
      <Filter>Header Files\fheroes2\kingdom</Filter>
    </ClInclude>
    <ClInclude Include="..\..\src\fheroes2\maps\ground.h">
      <Filter>Header Files\fheroes2\maps</Filter>
    </ClInclude>
    <ClInclude Include="..\..\src\fheroes2\maps\maps.h">
      <Filter>Header Files\fheroes2\maps</Filter>
    </ClInclude>
    <ClInclude Include="..\..\src\fheroes2\maps\maps_actions.h">
      <Filter>Header Files\fheroes2\maps</Filter>
    </ClInclude>
    <ClInclude Include="..\..\src\fheroes2\maps\maps_fileinfo.h">
      <Filter>Header Files\fheroes2\maps</Filter>
    </ClInclude>
    <ClInclude Include="..\..\src\fheroes2\maps\maps_objects.h">
      <Filter>Header Files\fheroes2\maps</Filter>
    </ClInclude>
    <ClInclude Include="..\..\src\fheroes2\maps\maps_tiles.h">
      <Filter>Header Files\fheroes2\maps</Filter>
    </ClInclude>
    <ClInclude Include="..\..\src\fheroes2\maps\mp2.h">
      <Filter>Header Files\fheroes2\maps</Filter>
    </ClInclude>
    <ClInclude Include="..\..\src\fheroes2\maps\pairs.h">
      <Filter>Header Files\fheroes2\maps</Filter>
    </ClInclude>
    <ClInclude Include="..\..\src\fheroes2\maps\position.h">
      <Filter>Header Files\fheroes2\maps</Filter>
    </ClInclude>
    <ClInclude Include="..\..\src\fheroes2\maps\visit.h">
      <Filter>Header Files\fheroes2\maps</Filter>
    </ClInclude>
    <ClInclude Include="..\..\src\fheroes2\monster\monster.h">
      <Filter>Header Files\fheroes2\monster</Filter>
    </ClInclude>
    <ClInclude Include="..\..\src\fheroes2\objects\mounts.h">
      <Filter>Header Files\fheroes2\objects</Filter>
    </ClInclude>
    <ClInclude Include="..\..\src\fheroes2\objects\objcrck.h">
      <Filter>Header Files\fheroes2\objects</Filter>
    </ClInclude>
    <ClInclude Include="..\..\src\fheroes2\objects\objdirt.h">
      <Filter>Header Files\fheroes2\objects</Filter>
    </ClInclude>
    <ClInclude Include="..\..\src\fheroes2\objects\objdsrt.h">
      <Filter>Header Files\fheroes2\objects</Filter>
    </ClInclude>
    <ClInclude Include="..\..\src\fheroes2\objects\objgras.h">
      <Filter>Header Files\fheroes2\objects</Filter>
    </ClInclude>
    <ClInclude Include="..\..\src\fheroes2\objects\objlava.h">
      <Filter>Header Files\fheroes2\objects</Filter>
    </ClInclude>
    <ClInclude Include="..\..\src\fheroes2\objects\objmult.h">
      <Filter>Header Files\fheroes2\objects</Filter>
    </ClInclude>
    <ClInclude Include="..\..\src\fheroes2\objects\objsnow.h">
      <Filter>Header Files\fheroes2\objects</Filter>
    </ClInclude>
    <ClInclude Include="..\..\src\fheroes2\objects\objswmp.h">
      <Filter>Header Files\fheroes2\objects</Filter>
    </ClInclude>
    <ClInclude Include="..\..\src\fheroes2\objects\objtown.h">
      <Filter>Header Files\fheroes2\objects</Filter>
    </ClInclude>
    <ClInclude Include="..\..\src\fheroes2\objects\objwatr.h">
      <Filter>Header Files\fheroes2\objects</Filter>
    </ClInclude>
    <ClInclude Include="..\..\src\fheroes2\objects\objxloc.h">
      <Filter>Header Files\fheroes2\objects</Filter>
    </ClInclude>
    <ClInclude Include="..\..\src\fheroes2\objects\trees.h">
      <Filter>Header Files\fheroes2\objects</Filter>
    </ClInclude>
    <ClInclude Include="..\..\src\fheroes2\pocketpc\pocketpc.h">
      <Filter>Header Files\fheroes2\pocketpc</Filter>
    </ClInclude>
    <ClInclude Include="..\..\src\fheroes2\resource\artifact.h">
      <Filter>Header Files\fheroes2\resource</Filter>
    </ClInclude>
    <ClInclude Include="..\..\src\fheroes2\resource\artifact_ultimate.h">
      <Filter>Header Files\fheroes2\resource</Filter>
    </ClInclude>
    <ClInclude Include="..\..\src\fheroes2\resource\resource.h">
      <Filter>Header Files\fheroes2\resource</Filter>
    </ClInclude>
    <ClInclude Include="..\..\src\fheroes2\spell\spell.h">
      <Filter>Header Files\fheroes2\spell</Filter>
    </ClInclude>
    <ClInclude Include="..\..\src\fheroes2\spell\spell_book.h">
      <Filter>Header Files\fheroes2\spell</Filter>
    </ClInclude>
    <ClInclude Include="..\..\src\fheroes2\spell\spell_storage.h">
      <Filter>Header Files\fheroes2\spell</Filter>
    </ClInclude>
    <ClInclude Include="..\..\src\fheroes2\system\bitmodes.h">
      <Filter>Header Files\fheroes2\system</Filter>
    </ClInclude>
    <ClInclude Include="..\..\src\fheroes2\system\gamedefs.h">
      <Filter>Header Files\fheroes2\system</Filter>
    </ClInclude>
    <ClInclude Include="..\..\src\fheroes2\system\players.h">
      <Filter>Header Files\fheroes2\system</Filter>
    </ClInclude>
    <ClInclude Include="..\..\src\fheroes2\system\settings.h">
      <Filter>Header Files\fheroes2\system</Filter>
    </ClInclude>
    <ClInclude Include="..\..\src\fheroes2\test\test.h">
      <Filter>Header Files\fheroes2\test</Filter>
    </ClInclude>
    <ClInclude Include="..\..\src\tools\palette_h2.h">
      <Filter>Header Files\tools</Filter>
    </ClInclude>
    <ClInclude Include="..\..\src\xmlccwrap\gzstream.h">
      <Filter>Header Files\xmlccwrap</Filter>
    </ClInclude>
    <ClInclude Include="..\..\src\xmlccwrap\tinystr.h">
      <Filter>Header Files\xmlccwrap</Filter>
    </ClInclude>
    <ClInclude Include="..\..\src\xmlccwrap\tinyxml.h">
      <Filter>Header Files\xmlccwrap</Filter>
    </ClInclude>
    <ClInclude Include="..\..\src\xmlccwrap\xmlccwrap.h">
      <Filter>Header Files\xmlccwrap</Filter>
    </ClInclude>
    <ClInclude Include="..\..\src\engine\serializer\ByteVectorReader.h">
      <Filter>Header Files\engine\serializer</Filter>
    </ClInclude>
    <ClInclude Include="..\..\src\engine\serializer\BinaryFileReader.h">
      <Filter>Header Files\engine\serializer</Filter>
    </ClInclude>
    <ClInclude Include="..\..\src\engine\serializer\ByteVectorWriter.h">
      <Filter>Header Files\engine\serializer</Filter>
    </ClInclude>
    <ClInclude Include="..\..\src\engine\TimeUtils.h">
      <Filter>Header Files\engine</Filter>
    </ClInclude>
    <ClInclude Include="..\..\src\fheroes2\dialog\plus_sign_addon.h">
      <Filter>Header Files</Filter>
    </ClInclude>
  </ItemGroup>
  <ItemGroup>
    <ClCompile Include="..\..\src\engine\audio.cpp">
      <Filter>Source Files\engine</Filter>
    </ClCompile>
    <ClCompile Include="..\..\src\engine\audio_cdrom.cpp">
      <Filter>Source Files\engine</Filter>
    </ClCompile>
    <ClCompile Include="..\..\src\engine\audio_mixer.cpp">
      <Filter>Source Files\engine</Filter>
    </ClCompile>
    <ClCompile Include="..\..\src\engine\audio_music.cpp">
      <Filter>Source Files\engine</Filter>
    </ClCompile>
    <ClCompile Include="..\..\src\engine\dir.cpp">
      <Filter>Source Files\engine</Filter>
    </ClCompile>
    <ClCompile Include="..\..\src\engine\display.cpp">
      <Filter>Source Files\engine</Filter>
    </ClCompile>
    <ClCompile Include="..\..\src\engine\engine.cpp">
      <Filter>Source Files\engine</Filter>
    </ClCompile>
    <ClCompile Include="..\..\src\engine\error.cpp">
      <Filter>Source Files\engine</Filter>
    </ClCompile>
    <ClCompile Include="..\..\src\engine\font.cpp">
      <Filter>Source Files\engine</Filter>
    </ClCompile>
    <ClCompile Include="..\..\src\engine\IMG_savepng.cpp">
      <Filter>Source Files\engine</Filter>
    </ClCompile>
    <ClCompile Include="..\..\src\engine\localevent.cpp">
      <Filter>Source Files\engine</Filter>
    </ClCompile>
    <ClCompile Include="..\..\src\engine\rand.cpp">
      <Filter>Source Files\engine</Filter>
    </ClCompile>
    <ClCompile Include="..\..\src\engine\rect.cpp">
      <Filter>Source Files\engine</Filter>
    </ClCompile>
    <ClCompile Include="..\..\src\engine\sdlnet.cpp">
      <Filter>Source Files\engine</Filter>
    </ClCompile>
    <ClCompile Include="..\..\src\engine\serialize.cpp">
      <Filter>Source Files\engine</Filter>
    </ClCompile>
    <ClCompile Include="..\..\src\engine\sprites.cpp">
      <Filter>Source Files\engine</Filter>
    </ClCompile>
    <ClCompile Include="..\..\src\engine\surface.cpp">
      <Filter>Source Files\engine</Filter>
    </ClCompile>
    <ClCompile Include="..\..\src\engine\system.cpp">
      <Filter>Source Files\engine</Filter>
    </ClCompile>
    <ClCompile Include="..\..\src\engine\thread.cpp">
      <Filter>Source Files\engine</Filter>
    </ClCompile>
    <ClCompile Include="..\..\src\engine\tinyconfig.cpp">
      <Filter>Source Files\engine</Filter>
    </ClCompile>
    <ClCompile Include="..\..\src\engine\tools.cpp">
      <Filter>Source Files\engine</Filter>
    </ClCompile>
    <ClCompile Include="..\..\src\engine\translations.cpp">
      <Filter>Source Files\engine</Filter>
    </ClCompile>
    <ClCompile Include="..\..\src\engine\xmi2mid.cpp">
      <Filter>Source Files\engine</Filter>
    </ClCompile>
    <ClCompile Include="..\..\src\engine\zzlib.cpp">
      <Filter>Source Files\engine</Filter>
    </ClCompile>
    <ClCompile Include="..\..\src\fheroes2\agg\agg.cpp">
      <Filter>Source Files\fheroes2\agg</Filter>
    </ClCompile>
    <ClCompile Include="..\..\src\fheroes2\agg\icn.cpp">
      <Filter>Source Files\fheroes2\agg</Filter>
    </ClCompile>
    <ClCompile Include="..\..\src\fheroes2\agg\m82.cpp">
      <Filter>Source Files\fheroes2\agg</Filter>
    </ClCompile>
    <ClCompile Include="..\..\src\fheroes2\agg\mus.cpp">
      <Filter>Source Files\fheroes2\agg</Filter>
    </ClCompile>
    <ClCompile Include="..\..\src\fheroes2\agg\sprite.cpp">
      <Filter>Source Files\fheroes2\agg</Filter>
    </ClCompile>
    <ClCompile Include="..\..\src\fheroes2\agg\til.cpp">
      <Filter>Source Files\fheroes2\agg</Filter>
    </ClCompile>
    <ClCompile Include="..\..\src\fheroes2\agg\xmi.cpp">
      <Filter>Source Files\fheroes2\agg</Filter>
    </ClCompile>
    <ClCompile Include="..\..\src\fheroes2\ai\ai_action.cpp">
      <Filter>Source Files\fheroes2\ai</Filter>
    </ClCompile>
    <ClCompile Include="..\..\src\fheroes2\ai\simple\ai_battle.cpp">
      <Filter>Source Files\fheroes2\ai\simple</Filter>
    </ClCompile>
    <ClCompile Include="..\..\src\fheroes2\ai\simple\ai_castle.cpp">
      <Filter>Source Files\fheroes2\ai\simple</Filter>
    </ClCompile>
    <ClCompile Include="..\..\src\fheroes2\ai\simple\ai_heroes.cpp">
      <Filter>Source Files\fheroes2\ai\simple</Filter>
    </ClCompile>
    <ClCompile Include="..\..\src\fheroes2\ai\simple\ai_kingdom.cpp">
      <Filter>Source Files\fheroes2\ai\simple</Filter>
    </ClCompile>
    <ClCompile Include="..\..\src\fheroes2\ai\simple\ai_simple.cpp">
      <Filter>Source Files\fheroes2\ai\simple</Filter>
    </ClCompile>
    <ClCompile Include="..\..\src\fheroes2\army\army.cpp">
      <Filter>Source Files\fheroes2\army</Filter>
    </ClCompile>
    <ClCompile Include="..\..\src\fheroes2\army\army_bar.cpp">
      <Filter>Source Files\fheroes2\army</Filter>
    </ClCompile>
    <ClCompile Include="..\..\src\fheroes2\army\army_troop.cpp">
      <Filter>Source Files\fheroes2\army</Filter>
    </ClCompile>
    <ClCompile Include="..\..\src\fheroes2\battle\battle_action.cpp">
      <Filter>Source Files\fheroes2\battle</Filter>
    </ClCompile>
    <ClCompile Include="..\..\src\fheroes2\battle\battle_arena.cpp">
      <Filter>Source Files\fheroes2\battle</Filter>
    </ClCompile>
    <ClCompile Include="..\..\src\fheroes2\battle\battle_army.cpp">
      <Filter>Source Files\fheroes2\battle</Filter>
    </ClCompile>
    <ClCompile Include="..\..\src\fheroes2\battle\battle_board.cpp">
      <Filter>Source Files\fheroes2\battle</Filter>
    </ClCompile>
    <ClCompile Include="..\..\src\fheroes2\battle\battle_bridge.cpp">
      <Filter>Source Files\fheroes2\battle</Filter>
    </ClCompile>
    <ClCompile Include="..\..\src\fheroes2\battle\battle_catapult.cpp">
      <Filter>Source Files\fheroes2\battle</Filter>
    </ClCompile>
    <ClCompile Include="..\..\src\fheroes2\battle\battle_cell.cpp">
      <Filter>Source Files\fheroes2\battle</Filter>
    </ClCompile>
    <ClCompile Include="..\..\src\fheroes2\battle\battle_command.cpp">
      <Filter>Source Files\fheroes2\battle</Filter>
    </ClCompile>
    <ClCompile Include="..\..\src\fheroes2\battle\battle_dialogs.cpp">
      <Filter>Source Files\fheroes2\battle</Filter>
    </ClCompile>
    <ClCompile Include="..\..\src\fheroes2\battle\battle_grave.cpp">
      <Filter>Source Files\fheroes2\battle</Filter>
    </ClCompile>
    <ClCompile Include="..\..\src\fheroes2\battle\battle_interface.cpp">
      <Filter>Source Files\fheroes2\battle</Filter>
    </ClCompile>
    <ClCompile Include="..\..\src\fheroes2\battle\battle_main.cpp">
      <Filter>Source Files\fheroes2\battle</Filter>
    </ClCompile>
    <ClCompile Include="..\..\src\fheroes2\battle\battle_only.cpp">
      <Filter>Source Files\fheroes2\battle</Filter>
    </ClCompile>
    <ClCompile Include="..\..\src\fheroes2\battle\battle_tower.cpp">
      <Filter>Source Files\fheroes2\battle</Filter>
    </ClCompile>
    <ClCompile Include="..\..\src\fheroes2\battle\battle_troop.cpp">
      <Filter>Source Files\fheroes2\battle</Filter>
    </ClCompile>
    <ClCompile Include="..\..\src\fheroes2\castle\buildinginfo.cpp">
      <Filter>Source Files\fheroes2\castle</Filter>
    </ClCompile>
    <ClCompile Include="..\..\src\fheroes2\castle\captain.cpp">
      <Filter>Source Files\fheroes2\castle</Filter>
    </ClCompile>
    <ClCompile Include="..\..\src\fheroes2\castle\castle.cpp">
      <Filter>Source Files\fheroes2\castle</Filter>
    </ClCompile>
    <ClCompile Include="..\..\src\fheroes2\castle\castle_building.cpp">
      <Filter>Source Files\fheroes2\castle</Filter>
    </ClCompile>
    <ClCompile Include="..\..\src\fheroes2\castle\castle_dialog.cpp">
      <Filter>Source Files\fheroes2\castle</Filter>
    </ClCompile>
    <ClCompile Include="..\..\src\fheroes2\castle\castle_mageguild.cpp">
      <Filter>Source Files\fheroes2\castle</Filter>
    </ClCompile>
    <ClCompile Include="..\..\src\fheroes2\castle\castle_tavern.cpp">
      <Filter>Source Files\fheroes2\castle</Filter>
    </ClCompile>
    <ClCompile Include="..\..\src\fheroes2\castle\castle_town.cpp">
      <Filter>Source Files\fheroes2\castle</Filter>
    </ClCompile>
    <ClCompile Include="..\..\src\fheroes2\castle\castle_well.cpp">
      <Filter>Source Files\fheroes2\castle</Filter>
    </ClCompile>
    <ClCompile Include="..\..\src\fheroes2\castle\mageguild.cpp">
      <Filter>Source Files\fheroes2\castle</Filter>
    </ClCompile>
    <ClCompile Include="..\..\src\fheroes2\dialog\dialog_adventure.cpp">
      <Filter>Source Files\fheroes2\dialog</Filter>
    </ClCompile>
    <ClCompile Include="..\..\src\fheroes2\dialog\dialog_arena.cpp">
      <Filter>Source Files\fheroes2\dialog</Filter>
    </ClCompile>
    <ClCompile Include="..\..\src\fheroes2\dialog\dialog_armyinfo.cpp">
      <Filter>Source Files\fheroes2\dialog</Filter>
    </ClCompile>
    <ClCompile Include="..\..\src\fheroes2\dialog\dialog_box.cpp">
      <Filter>Source Files\fheroes2\dialog</Filter>
    </ClCompile>
    <ClCompile Include="..\..\src\fheroes2\dialog\dialog_buyboat.cpp">
      <Filter>Source Files\fheroes2\dialog</Filter>
    </ClCompile>
    <ClCompile Include="..\..\src\fheroes2\dialog\dialog_chest.cpp">
      <Filter>Source Files\fheroes2\dialog</Filter>
    </ClCompile>
    <ClCompile Include="..\..\src\fheroes2\dialog\dialog_file.cpp">
      <Filter>Source Files\fheroes2\dialog</Filter>
    </ClCompile>
    <ClCompile Include="..\..\src\fheroes2\dialog\dialog_frameborder.cpp">
      <Filter>Source Files\fheroes2\dialog</Filter>
    </ClCompile>
    <ClCompile Include="..\..\src\fheroes2\dialog\dialog_gameinfo.cpp">
      <Filter>Source Files\fheroes2\dialog</Filter>
    </ClCompile>
    <ClCompile Include="..\..\src\fheroes2\dialog\dialog_giftresources.cpp">
      <Filter>Source Files\fheroes2\dialog</Filter>
    </ClCompile>
    <ClCompile Include="..\..\src\fheroes2\dialog\dialog_guardian.cpp">
      <Filter>Source Files\fheroes2\dialog</Filter>
    </ClCompile>
    <ClCompile Include="..\..\src\fheroes2\dialog\dialog_levelup.cpp">
      <Filter>Source Files\fheroes2\dialog</Filter>
    </ClCompile>
    <ClCompile Include="..\..\src\fheroes2\dialog\dialog_marketplace.cpp">
      <Filter>Source Files\fheroes2\dialog</Filter>
    </ClCompile>
    <ClCompile Include="..\..\src\fheroes2\dialog\dialog_message.cpp">
      <Filter>Source Files\fheroes2\dialog</Filter>
    </ClCompile>
    <ClCompile Include="..\..\src\fheroes2\dialog\dialog_quickinfo.cpp">
      <Filter>Source Files\fheroes2\dialog</Filter>
    </ClCompile>
    <ClCompile Include="..\..\src\fheroes2\dialog\dialog_recrut.cpp">
      <Filter>Source Files\fheroes2\dialog</Filter>
    </ClCompile>
    <ClCompile Include="..\..\src\fheroes2\dialog\dialog_resourceinfo.cpp">
      <Filter>Source Files\fheroes2\dialog</Filter>
    </ClCompile>
    <ClCompile Include="..\..\src\fheroes2\dialog\dialog_selectcount.cpp">
      <Filter>Source Files\fheroes2\dialog</Filter>
    </ClCompile>
    <ClCompile Include="..\..\src\fheroes2\dialog\dialog_selectfile.cpp">
      <Filter>Source Files\fheroes2\dialog</Filter>
    </ClCompile>
    <ClCompile Include="..\..\src\fheroes2\dialog\dialog_selectitems.cpp">
      <Filter>Source Files\fheroes2\dialog</Filter>
    </ClCompile>
    <ClCompile Include="..\..\src\fheroes2\dialog\dialog_selectscenario.cpp">
      <Filter>Source Files\fheroes2\dialog</Filter>
    </ClCompile>
    <ClCompile Include="..\..\src\fheroes2\dialog\dialog_settings.cpp">
      <Filter>Source Files\fheroes2\dialog</Filter>
    </ClCompile>
    <ClCompile Include="..\..\src\fheroes2\dialog\dialog_skillinfo.cpp">
      <Filter>Source Files\fheroes2\dialog</Filter>
    </ClCompile>
    <ClCompile Include="..\..\src\fheroes2\dialog\dialog_spellinfo.cpp">
      <Filter>Source Files\fheroes2\dialog</Filter>
    </ClCompile>
    <ClCompile Include="..\..\src\fheroes2\dialog\dialog_spriteinfo.cpp">
      <Filter>Source Files\fheroes2\dialog</Filter>
    </ClCompile>
    <ClCompile Include="..\..\src\fheroes2\dialog\dialog_system.cpp">
      <Filter>Source Files\fheroes2\dialog</Filter>
    </ClCompile>
    <ClCompile Include="..\..\src\fheroes2\dialog\dialog_thievesguild.cpp">
      <Filter>Source Files\fheroes2\dialog</Filter>
    </ClCompile>
    <ClCompile Include="..\..\src\fheroes2\dialog\FileUtils.cpp">
      <Filter>Source Files\fheroes2\dialog</Filter>
    </ClCompile>
    <ClCompile Include="..\..\src\fheroes2\game\difficulty.cpp">
      <Filter>Source Files\fheroes2\game</Filter>
    </ClCompile>
    <ClCompile Include="..\..\src\fheroes2\game\fheroes2.cpp">
      <Filter>Source Files\fheroes2\game</Filter>
    </ClCompile>
    <ClCompile Include="..\..\src\fheroes2\game\game.cpp">
      <Filter>Source Files\fheroes2\game</Filter>
    </ClCompile>
    <ClCompile Include="..\..\src\fheroes2\game\game_delays.cpp">
      <Filter>Source Files\fheroes2\game</Filter>
    </ClCompile>
    <ClCompile Include="..\..\src\fheroes2\game\game_highscores.cpp">
      <Filter>Source Files\fheroes2\game</Filter>
    </ClCompile>
    <ClCompile Include="..\..\src\fheroes2\game\game_hotkeys.cpp">
      <Filter>Source Files\fheroes2\game</Filter>
    </ClCompile>
    <ClCompile Include="..\..\src\fheroes2\game\game_interface.cpp">
      <Filter>Source Files\fheroes2\game</Filter>
    </ClCompile>
    <ClCompile Include="..\..\src\fheroes2\game\game_io.cpp">
      <Filter>Source Files\fheroes2\game</Filter>
    </ClCompile>
    <ClCompile Include="..\..\src\fheroes2\game\game_loadgame.cpp">
      <Filter>Source Files\fheroes2\game</Filter>
    </ClCompile>
    <ClCompile Include="..\..\src\fheroes2\game\game_mainmenu.cpp">
      <Filter>Source Files\fheroes2\game</Filter>
    </ClCompile>
    <ClCompile Include="..\..\src\fheroes2\game\game_newgame.cpp">
      <Filter>Source Files\fheroes2\game</Filter>
    </ClCompile>
    <ClCompile Include="..\..\src\fheroes2\game\game_over.cpp">
      <Filter>Source Files\fheroes2\game</Filter>
    </ClCompile>
    <ClCompile Include="..\..\src\fheroes2\game\game_scenarioinfo.cpp">
      <Filter>Source Files\fheroes2\game</Filter>
    </ClCompile>
    <ClCompile Include="..\..\src\fheroes2\game\game_startgame.cpp">
      <Filter>Source Files\fheroes2\game</Filter>
    </ClCompile>
    <ClCompile Include="..\..\src\fheroes2\game\game_static.cpp">
      <Filter>Source Files\fheroes2\game</Filter>
    </ClCompile>
    <ClCompile Include="..\..\src\fheroes2\gui\button.cpp">
      <Filter>Source Files\fheroes2\gui</Filter>
    </ClCompile>
    <ClCompile Include="..\..\src\fheroes2\gui\cursor.cpp">
      <Filter>Source Files\fheroes2\gui</Filter>
    </ClCompile>
    <ClCompile Include="..\..\src\fheroes2\gui\interface_border.cpp">
      <Filter>Source Files\fheroes2\gui</Filter>
    </ClCompile>
    <ClCompile Include="..\..\src\fheroes2\gui\interface_buttons.cpp">
      <Filter>Source Files\fheroes2\gui</Filter>
    </ClCompile>
    <ClCompile Include="..\..\src\fheroes2\gui\interface_cpanel.cpp">
      <Filter>Source Files\fheroes2\gui</Filter>
    </ClCompile>
    <ClCompile Include="..\..\src\fheroes2\gui\interface_events.cpp">
      <Filter>Source Files\fheroes2\gui</Filter>
    </ClCompile>
    <ClCompile Include="..\..\src\fheroes2\gui\interface_focus.cpp">
      <Filter>Source Files\fheroes2\gui</Filter>
    </ClCompile>
    <ClCompile Include="..\..\src\fheroes2\gui\interface_gamearea.cpp">
      <Filter>Source Files\fheroes2\gui</Filter>
    </ClCompile>
    <ClCompile Include="..\..\src\fheroes2\gui\interface_icons.cpp">
      <Filter>Source Files\fheroes2\gui</Filter>
    </ClCompile>
    <ClCompile Include="..\..\src\fheroes2\gui\interface_radar.cpp">
      <Filter>Source Files\fheroes2\gui</Filter>
    </ClCompile>
    <ClCompile Include="..\..\src\fheroes2\gui\interface_status.cpp">
      <Filter>Source Files\fheroes2\gui</Filter>
    </ClCompile>
    <ClCompile Include="..\..\src\fheroes2\gui\splitter.cpp">
      <Filter>Source Files\fheroes2\gui</Filter>
    </ClCompile>
    <ClCompile Include="..\..\src\fheroes2\gui\statusbar.cpp">
      <Filter>Source Files\fheroes2\gui</Filter>
    </ClCompile>
    <ClCompile Include="..\..\src\fheroes2\gui\text.cpp">
      <Filter>Source Files\fheroes2\gui</Filter>
    </ClCompile>
    <ClCompile Include="..\..\src\fheroes2\heroes\direction.cpp">
      <Filter>Source Files\fheroes2\heroes</Filter>
    </ClCompile>
    <ClCompile Include="..\..\src\fheroes2\heroes\heroes.cpp">
      <Filter>Source Files\fheroes2\heroes</Filter>
    </ClCompile>
    <ClCompile Include="..\..\src\fheroes2\heroes\heroes_action.cpp">
      <Filter>Source Files\fheroes2\heroes</Filter>
    </ClCompile>
    <ClCompile Include="..\..\src\fheroes2\heroes\heroes_base.cpp">
      <Filter>Source Files\fheroes2\heroes</Filter>
    </ClCompile>
    <ClCompile Include="..\..\src\fheroes2\heroes\heroes_dialog.cpp">
      <Filter>Source Files\fheroes2\heroes</Filter>
    </ClCompile>
    <ClCompile Include="..\..\src\fheroes2\heroes\heroes_indicator.cpp">
      <Filter>Source Files\fheroes2\heroes</Filter>
    </ClCompile>
    <ClCompile Include="..\..\src\fheroes2\heroes\heroes_meeting.cpp">
      <Filter>Source Files\fheroes2\heroes</Filter>
    </ClCompile>
    <ClCompile Include="..\..\src\fheroes2\heroes\heroes_move.cpp">
      <Filter>Source Files\fheroes2\heroes</Filter>
    </ClCompile>
    <ClCompile Include="..\..\src\fheroes2\heroes\heroes_recruits.cpp">
      <Filter>Source Files\fheroes2\heroes</Filter>
    </ClCompile>
    <ClCompile Include="..\..\src\fheroes2\heroes\heroes_spell.cpp">
      <Filter>Source Files\fheroes2\heroes</Filter>
    </ClCompile>
    <ClCompile Include="..\..\src\fheroes2\heroes\route.cpp">
      <Filter>Source Files\fheroes2\heroes</Filter>
    </ClCompile>
    <ClCompile Include="..\..\src\fheroes2\heroes\route_pathfind.cpp">
      <Filter>Source Files\fheroes2\heroes</Filter>
    </ClCompile>
    <ClCompile Include="..\..\src\fheroes2\heroes\skill.cpp">
      <Filter>Source Files\fheroes2\heroes</Filter>
    </ClCompile>
    <ClCompile Include="..\..\src\fheroes2\kingdom\kingdom.cpp">
      <Filter>Source Files\fheroes2\kingdom</Filter>
    </ClCompile>
    <ClCompile Include="..\..\src\fheroes2\kingdom\kingdom_overview.cpp">
      <Filter>Source Files\fheroes2\kingdom</Filter>
    </ClCompile>
    <ClCompile Include="..\..\src\fheroes2\kingdom\luck.cpp">
      <Filter>Source Files\fheroes2\kingdom</Filter>
    </ClCompile>
    <ClCompile Include="..\..\src\fheroes2\kingdom\morale.cpp">
      <Filter>Source Files\fheroes2\kingdom</Filter>
    </ClCompile>
    <ClCompile Include="..\..\src\fheroes2\kingdom\payment.cpp">
      <Filter>Source Files\fheroes2\kingdom</Filter>
    </ClCompile>
    <ClCompile Include="..\..\src\fheroes2\kingdom\profit.cpp">
      <Filter>Source Files\fheroes2\kingdom</Filter>
    </ClCompile>
    <ClCompile Include="..\..\src\fheroes2\kingdom\puzzle.cpp">
      <Filter>Source Files\fheroes2\kingdom</Filter>
    </ClCompile>
    <ClCompile Include="..\..\src\fheroes2\kingdom\race.cpp">
      <Filter>Source Files\fheroes2\kingdom</Filter>
    </ClCompile>
    <ClCompile Include="..\..\src\fheroes2\kingdom\speed.cpp">
      <Filter>Source Files\fheroes2\kingdom</Filter>
    </ClCompile>
    <ClCompile Include="..\..\src\fheroes2\kingdom\week.cpp">
      <Filter>Source Files\fheroes2\kingdom</Filter>
    </ClCompile>
    <ClCompile Include="..\..\src\fheroes2\kingdom\world.cpp">
      <Filter>Source Files\fheroes2\kingdom</Filter>
    </ClCompile>
    <ClCompile Include="..\..\src\fheroes2\kingdom\world_loadmap.cpp">
      <Filter>Source Files\fheroes2\kingdom</Filter>
    </ClCompile>
    <ClCompile Include="..\..\src\fheroes2\maps\ground.cpp">
      <Filter>Source Files\fheroes2\maps</Filter>
    </ClCompile>
    <ClCompile Include="..\..\src\fheroes2\maps\maps.cpp">
      <Filter>Source Files\fheroes2\maps</Filter>
    </ClCompile>
    <ClCompile Include="..\..\src\fheroes2\maps\maps_actions.cpp">
      <Filter>Source Files\fheroes2\maps</Filter>
    </ClCompile>
    <ClCompile Include="..\..\src\fheroes2\maps\maps_fileinfo.cpp">
      <Filter>Source Files\fheroes2\maps</Filter>
    </ClCompile>
    <ClCompile Include="..\..\src\fheroes2\maps\maps_objects.cpp">
      <Filter>Source Files\fheroes2\maps</Filter>
    </ClCompile>
    <ClCompile Include="..\..\src\fheroes2\maps\maps_tiles.cpp">
      <Filter>Source Files\fheroes2\maps</Filter>
    </ClCompile>
    <ClCompile Include="..\..\src\fheroes2\maps\maps_tiles_quantity.cpp">
      <Filter>Source Files\fheroes2\maps</Filter>
    </ClCompile>
    <ClCompile Include="..\..\src\fheroes2\maps\mp2.cpp">
      <Filter>Source Files\fheroes2\maps</Filter>
    </ClCompile>
    <ClCompile Include="..\..\src\fheroes2\maps\position.cpp">
      <Filter>Source Files\fheroes2\maps</Filter>
    </ClCompile>
    <ClCompile Include="..\..\src\fheroes2\maps\visit.cpp">
      <Filter>Source Files\fheroes2\maps</Filter>
    </ClCompile>
    <ClCompile Include="..\..\src\fheroes2\monster\monster.cpp">
      <Filter>Source Files\fheroes2\monster</Filter>
    </ClCompile>
    <ClCompile Include="..\..\src\fheroes2\objects\mounts.cpp">
      <Filter>Source Files\fheroes2\objects</Filter>
    </ClCompile>
    <ClCompile Include="..\..\src\fheroes2\objects\objcrck.cpp">
      <Filter>Source Files\fheroes2\objects</Filter>
    </ClCompile>
    <ClCompile Include="..\..\src\fheroes2\objects\objdirt.cpp">
      <Filter>Source Files\fheroes2\objects</Filter>
    </ClCompile>
    <ClCompile Include="..\..\src\fheroes2\objects\objdsrt.cpp">
      <Filter>Source Files\fheroes2\objects</Filter>
    </ClCompile>
    <ClCompile Include="..\..\src\fheroes2\objects\objgras.cpp">
      <Filter>Source Files\fheroes2\objects</Filter>
    </ClCompile>
    <ClCompile Include="..\..\src\fheroes2\objects\objlava.cpp">
      <Filter>Source Files\fheroes2\objects</Filter>
    </ClCompile>
    <ClCompile Include="..\..\src\fheroes2\objects\objmult.cpp">
      <Filter>Source Files\fheroes2\objects</Filter>
    </ClCompile>
    <ClCompile Include="..\..\src\fheroes2\objects\objsnow.cpp">
      <Filter>Source Files\fheroes2\objects</Filter>
    </ClCompile>
    <ClCompile Include="..\..\src\fheroes2\objects\objswmp.cpp">
      <Filter>Source Files\fheroes2\objects</Filter>
    </ClCompile>
    <ClCompile Include="..\..\src\fheroes2\objects\objtown.cpp">
      <Filter>Source Files\fheroes2\objects</Filter>
    </ClCompile>
    <ClCompile Include="..\..\src\fheroes2\objects\objwatr.cpp">
      <Filter>Source Files\fheroes2\objects</Filter>
    </ClCompile>
    <ClCompile Include="..\..\src\fheroes2\objects\objxloc.cpp">
      <Filter>Source Files\fheroes2\objects</Filter>
    </ClCompile>
    <ClCompile Include="..\..\src\fheroes2\objects\trees.cpp">
      <Filter>Source Files\fheroes2\objects</Filter>
    </ClCompile>
    <ClCompile Include="..\..\src\fheroes2\pocketpc\pocketpc_dialog.cpp">
      <Filter>Source Files\fheroes2\pocketpc</Filter>
    </ClCompile>
    <ClCompile Include="..\..\src\fheroes2\resource\artifact.cpp">
      <Filter>Source Files\fheroes2\resource</Filter>
    </ClCompile>
    <ClCompile Include="..\..\src\fheroes2\resource\artifact_ultimate.cpp">
      <Filter>Source Files\fheroes2\resource</Filter>
    </ClCompile>
    <ClCompile Include="..\..\src\fheroes2\resource\maps_text.cpp">
      <Filter>Source Files\fheroes2\resource</Filter>
    </ClCompile>
    <ClCompile Include="..\..\src\fheroes2\resource\resource.cpp">
      <Filter>Source Files\fheroes2\resource</Filter>
    </ClCompile>
    <ClCompile Include="..\..\src\fheroes2\spell\spell.cpp">
      <Filter>Source Files\fheroes2\spell</Filter>
    </ClCompile>
    <ClCompile Include="..\..\src\fheroes2\spell\spell_book.cpp">
      <Filter>Source Files\fheroes2\spell</Filter>
    </ClCompile>
    <ClCompile Include="..\..\src\fheroes2\spell\spell_storage.cpp">
      <Filter>Source Files\fheroes2\spell</Filter>
    </ClCompile>
    <ClCompile Include="..\..\src\fheroes2\system\gamedefs.cpp">
      <Filter>Source Files\fheroes2\system</Filter>
    </ClCompile>
    <ClCompile Include="..\..\src\fheroes2\system\players.cpp">
      <Filter>Source Files\fheroes2\system</Filter>
    </ClCompile>
    <ClCompile Include="..\..\src\fheroes2\system\settings.cpp">
      <Filter>Source Files\fheroes2\system</Filter>
    </ClCompile>
    <ClCompile Include="..\..\src\fheroes2\kingdom\color.cpp">
      <Filter>Source Files\fheroes2\kingdom</Filter>
    </ClCompile>
    <ClCompile Include="..\..\src\engine\serializer\ByteVectorReader.cpp">
      <Filter>Source Files\engine\serializer</Filter>
    </ClCompile>
    <ClCompile Include="..\..\src\engine\serializer\BinaryFileReader.cpp">
      <Filter>Source Files\engine\serializer</Filter>
    </ClCompile>
    <ClCompile Include="..\..\src\engine\serializer\ByteVectorWriter.cpp">
      <Filter>Source Files\engine\serializer</Filter>
    </ClCompile>
    <ClCompile Include="..\..\src\engine\TimeUtills.cpp">
      <Filter>Source Files\engine</Filter>
    </ClCompile>
    <ClCompile Include="..\..\src\tools\palette_h2.cpp">
      <Filter>Source Files\fheroes2\system</Filter>
    </ClCompile>
    <ClCompile Include="..\..\src\fheroes2\dialog\plus_sign_addon.cpp">
      <Filter>Source Files</Filter>
    </ClCompile>
  </ItemGroup>
</Project>