
Microsoft Visual Studio Solution File, Format Version 12.00
Project("{FAE04EC0-301F-11D3-BF4B-00C04F79EFBC}") = "FH2Setup", "FH2Setup\FH2Setup.csproj", "{E5B37ADD-6DD0-411C-8579-ABF271B63725}"
EndProject
Global
	GlobalSection(SolutionConfigurationPlatforms) = preSolution
		Debug|Any CPU = Debug|Any CPU
		Release|Any CPU = Release|Any CPU
	EndGlobalSection
	GlobalSection(ProjectConfigurationPlatforms) = postSolution
		{E5B37ADD-6DD0-411C-8579-ABF271B63725}.Debug|Any CPU.ActiveCfg = Debug|Any CPU
		{E5B37ADD-6DD0-411C-8579-ABF271B63725}.Debug|Any CPU.Build.0 = Debug|Any CPU
		{E5B37ADD-6DD0-411C-8579-ABF271B63725}.Release|Any CPU.ActiveCfg = Release|Any CPU
		{E5B37ADD-6DD0-411C-8579-ABF271B63725}.Release|Any CPU.Build.0 = Release|Any CPU
	EndGlobalSection
EndGlobal
